
Microsoft Visual Studio Solution File, Format Version 12.00
# Visual Studio Version 17
VisualStudioVersion = 17.0.31903.59
MinimumVisualStudioVersion = 10.0.40219.1
Project("{2150E333-8FDC-42A3-9474-1A3956D46DE8}") = "apps", "apps", "{1787FE1D-075E-9E68-7218-25F1BD1BBEAB}"
EndProject
Project("{2150E333-8FDC-42A3-9474-1A3956D46DE8}") = "api", "api", "{BC2D172B-13BC-136C-CDB1-4B1A687208C4}"
EndProject
Project("{FAE04EC0-301F-11D3-BF4B-00C04F79EFBC}") = "MainApi", "apps\api\MainApi.csproj", "{2CF68B35-4657-4D99-8840-87472E4E78F9}"
EndProject
Project("{2150E333-8FDC-42A3-9474-1A3956D46DE8}") = "packages", "packages", "{809F86A1-1C4C-B159-0CD4-DF9D33D876CE}"
EndProject
Project("{2150E333-8FDC-42A3-9474-1A3956D46DE8}") = "_tx-key-gen", "_tx-key-gen", "{66B517F5-9B39-7D9A-FEB3-5285FFC98352}"
EndProject
Project("{FAE04EC0-301F-11D3-BF4B-00C04F79EFBC}") = "TranslationKeyGenerator", "packages\_tx-key-gen\TranslationKeyGenerator.csproj", "{EC142994-1704-4C95-B9E8-5A6E947F3E78}"
EndProject
Global
	GlobalSection(SolutionConfigurationPlatforms) = preSolution
		Debug|Any CPU = Debug|Any CPU
		Debug|x64 = Debug|x64
		Debug|x86 = Debug|x86
		Release|Any CPU = Release|Any CPU
		Release|x64 = Release|x64
		Release|x86 = Release|x86
	EndGlobalSection
	GlobalSection(ProjectConfigurationPlatforms) = postSolution
		{2CF68B35-4657-4D99-8840-87472E4E78F9}.Debug|Any CPU.ActiveCfg = Debug|Any CPU
		{2CF68B35-4657-4D99-8840-87472E4E78F9}.Debug|Any CPU.Build.0 = Debug|Any CPU
		{2CF68B35-4657-4D99-8840-87472E4E78F9}.Debug|x64.ActiveCfg = Debug|Any CPU
		{2CF68B35-4657-4D99-8840-87472E4E78F9}.Debug|x64.Build.0 = Debug|Any CPU
		{2CF68B35-4657-4D99-8840-87472E4E78F9}.Debug|x86.ActiveCfg = Debug|Any CPU
		{2CF68B35-4657-4D99-8840-87472E4E78F9}.Debug|x86.Build.0 = Debug|Any CPU
		{2CF68B35-4657-4D99-8840-87472E4E78F9}.Release|Any CPU.ActiveCfg = Release|Any CPU
		{2CF68B35-4657-4D99-8840-87472E4E78F9}.Release|Any CPU.Build.0 = Release|Any CPU
		{2CF68B35-4657-4D99-8840-87472E4E78F9}.Release|x64.ActiveCfg = Release|Any CPU
		{2CF68B35-4657-4D99-8840-87472E4E78F9}.Release|x64.Build.0 = Release|Any CPU
		{2CF68B35-4657-4D99-8840-87472E4E78F9}.Release|x86.ActiveCfg = Release|Any CPU
		{2CF68B35-4657-4D99-8840-87472E4E78F9}.Release|x86.Build.0 = Release|Any CPU
		{EC142994-1704-4C95-B9E8-5A6E947F3E78}.Debug|Any CPU.ActiveCfg = Debug|Any CPU
		{EC142994-1704-4C95-B9E8-5A6E947F3E78}.Debug|Any CPU.Build.0 = Debug|Any CPU
		{EC142994-1704-4C95-B9E8-5A6E947F3E78}.Debug|x64.ActiveCfg = Debug|Any CPU
		{EC142994-1704-4C95-B9E8-5A6E947F3E78}.Debug|x64.Build.0 = Debug|Any CPU
		{EC142994-1704-4C95-B9E8-5A6E947F3E78}.Debug|x86.ActiveCfg = Debug|Any CPU
		{EC142994-1704-4C95-B9E8-5A6E947F3E78}.Debug|x86.Build.0 = Debug|Any CPU
		{EC142994-1704-4C95-B9E8-5A6E947F3E78}.Release|Any CPU.ActiveCfg = Release|Any CPU
		{EC142994-1704-4C95-B9E8-5A6E947F3E78}.Release|Any CPU.Build.0 = Release|Any CPU
		{EC142994-1704-4C95-B9E8-5A6E947F3E78}.Release|x64.ActiveCfg = Release|Any CPU
		{EC142994-1704-4C95-B9E8-5A6E947F3E78}.Release|x64.Build.0 = Release|Any CPU
		{EC142994-1704-4C95-B9E8-5A6E947F3E78}.Release|x86.ActiveCfg = Release|Any CPU
		{EC142994-1704-4C95-B9E8-5A6E947F3E78}.Release|x86.Build.0 = Release|Any CPU
	EndGlobalSection
	GlobalSection(SolutionProperties) = preSolution
		HideSolutionNode = FALSE
	EndGlobalSection
	GlobalSection(NestedProjects) = preSolution
		{BC2D172B-13BC-136C-CDB1-4B1A687208C4} = {1787FE1D-075E-9E68-7218-25F1BD1BBEAB}
		{2CF68B35-4657-4D99-8840-87472E4E78F9} = {BC2D172B-13BC-136C-CDB1-4B1A687208C4}
		{66B517F5-9B39-7D9A-FEB3-5285FFC98352} = {809F86A1-1C4C-B159-0CD4-DF9D33D876CE}
		{EC142994-1704-4C95-B9E8-5A6E947F3E78} = {66B517F5-9B39-7D9A-FEB3-5285FFC98352}
	EndGlobalSection
EndGlobal
