<Solution>
  <Configurations>
    <Platform Name="Any CPU" />
    <Platform Name="x64" />
    <Platform Name="x86" />
  </Configurations>
  <Folder Name="/apps/" />
  <Folder Name="/apps/api/">
    <Project Path="apps/api/MainApi.csproj" />
    <Project Path="apps/api/Tests/MainApi.IntegrationTests.csproj" />
  </Folder>
  <Folder Name="/packages/" />
</Solution>
