<Solution>
  <Configurations>
    <Platform Name="Any CPU" />
    <Platform Name="x64" />
    <Platform Name="x86" />
  </Configurations>
  <Folder Name="/apps/" />
  <Folder Name="/apps/apphost/">
    <Project Path="apps/apphost/PublyApp.AppHost.csproj" />
  </Folder>
  <Folder Name="/apps/api/">
    <Project Path="apps/api/PublyApp.Api.csproj" />
    <Project Path="apps/api/Tests/PublyApp.Api.Tests.csproj" />
  </Folder>
  <Folder Name="/packages/">
    <Project Path="packages/scripts-cs/PublyApp.Scripts.csproj" />
  </Folder>
</Solution>
