lockfileVersion: '9.0'

settings:
  autoInstallPeers: false
  excludeLinksFromLockfile: false

overrides:
  lodash: ^4.18.1
  lodash-es: ^4.18.1
  linkifyjs: ^4.3.2
  preact: ^10.27.3
  path-to-regexp: ^8.4.0
  glob: ^10.5.0
  rollup: ^4.59.0
  vite@<7.3.2: ^7.3.2
  body-parser: ^2.2.1
  postcss: ^8.5.10
  qs: ^6.14.2
  uuid: ^13.0.1
  yaml: ^2.8.3

packageExtensionsChecksum: sha256-kt1c/EbLCz47KVsntCSzbMKbm7gX0TeyvBrLWdlpN+s=

importers:

  .:
    dependencies:
      '@org/client-ts':
        specifier: workspace:*
        version: link:../../packages/client-ts
      '@org/shared-ts':
        specifier: workspace:*
        version: link:../../packages/shared-ts
      nanoid:
        specifier: 5.0.4
        version: 5.0.4

packages:

  nanoid@5.0.4:
    resolution: {integrity: sha512-vAjmBf13gsmhXSgBrtIclinISzFFy22WwCYoyilZlsrRXNIHSwgFQ1bEdjRwMT3aoadeIF6HMuDRlOxzfXV8ig==}
    engines: {node: ^18 || >=20}
    hasBin: true

snapshots:

  nanoid@5.0.4: {}
